# This is a Gradle generated file for dependency locking.
# Manual edits can break the build and are not advised.
# This file is expected to be part of source control.
app.softwork:kotlinx-uuid-core-jvm:0.0.26=compileClasspath,jvmCompileClasspath,jvmRuntimeClasspath,jvmTestCompileClasspath,jvmTestRuntimeClasspath,runtimeClasspath,testCompileClasspath,testRuntimeClasspath
app.softwork:kotlinx-uuid-core:0.0.26=allSourceSetsCompileDependenciesMetadata,allTestSourceSetsCompileDependenciesMetadata,commonMainApiDependenciesMetadata,commonMainCompileOnlyDependenciesMetadata,commonMainImplementationDependenciesMetadata,commonMainResolvableDependenciesMetadata,commonTestApiDependenciesMetadata,commonTestCompileOnlyDependenciesMetadata,commonTestImplementationDependenciesMetadata,commonTestResolvableDependenciesMetadata,compileClasspath,jvmCompileClasspath,jvmMainApiDependenciesMetadata,jvmMainCompileOnlyDependenciesMetadata,jvmMainImplementationDependenciesMetadata,jvmMainResolvableDependenciesMetadata,jvmRuntimeClasspath,jvmTestApiDependenciesMetadata,jvmTestCompileClasspath,jvmTestCompileOnlyDependenciesMetadata,jvmTestImplementationDependenciesMetadata,jvmTestResolvableDependenciesMetadata,jvmTestRuntimeClasspath,metadataCompileClasspath,runtimeClasspath,testCompileClasspath,testRuntimeClasspath
com.github.ajalt:colormath:1.2.0=jvmTestCompileClasspath,jvmTestRuntimeClasspath,testCompileClasspath,testRuntimeClasspath
com.github.ajalt:mordant:1.2.1=jvmTestCompileClasspath,jvmTestRuntimeClasspath,testCompileClasspath,testRuntimeClasspath
com.marcinmoskala:DiscreteMathToolkit:1.0.3=allSourceSetsCompileDependenciesMetadata,allTestSourceSetsCompileDependenciesMetadata,commonMainApiDependenciesMetadata,commonMainCompileOnlyDependenciesMetadata,commonMainImplementationDependenciesMetadata,commonMainResolvableDependenciesMetadata,commonTestApiDependenciesMetadata,commonTestCompileOnlyDependenciesMetadata,commonTestImplementationDependenciesMetadata,commonTestResolvableDependenciesMetadata,compileClasspath,jvmCompileClasspath,jvmMainApiDependenciesMetadata,jvmMainCompileOnlyDependenciesMetadata,jvmMainImplementationDependenciesMetadata,jvmMainResolvableDependenciesMetadata,jvmRuntimeClasspath,jvmTestApiDependenciesMetadata,jvmTestCompileClasspath,jvmTestCompileOnlyDependenciesMetadata,jvmTestImplementationDependenciesMetadata,jvmTestResolvableDependenciesMetadata,jvmTestRuntimeClasspath,metadataCompileClasspath,runtimeClasspath,testCompileClasspath,testRuntimeClasspath
io.arrow-kt:arrow-annotations-jvm:1.2.4=compileClasspath,jvmCompileClasspath,jvmRuntimeClasspath,jvmTestCompileClasspath,jvmTestRuntimeClasspath,runtimeClasspath,testCompileClasspath,testRuntimeClasspath
io.arrow-kt:arrow-annotations:1.2.4=allSourceSetsCompileDependenciesMetadata,allTestSourceSetsCompileDependenciesMetadata,commonMainApiDependenciesMetadata,commonMainCompileOnlyDependenciesMetadata,commonMainImplementationDependenciesMetadata,commonMainResolvableDependenciesMetadata,commonTestApiDependenciesMetadata,commonTestCompileOnlyDependenciesMetadata,commonTestImplementationDependenciesMetadata,commonTestResolvableDependenciesMetadata,compileClasspath,jvmCompileClasspath,jvmMainApiDependenciesMetadata,jvmMainCompileOnlyDependenciesMetadata,jvmMainImplementationDependenciesMetadata,jvmMainResolvableDependenciesMetadata,jvmRuntimeClasspath,jvmTestApiDependenciesMetadata,jvmTestCompileClasspath,jvmTestCompileOnlyDependenciesMetadata,jvmTestImplementationDependenciesMetadata,jvmTestResolvableDependenciesMetadata,jvmTestRuntimeClasspath,metadataCompileClasspath,runtimeClasspath,testCompileClasspath,testRuntimeClasspath
io.arrow-kt:arrow-atomic-jvm:1.2.4=compileClasspath,jvmCompileClasspath,jvmRuntimeClasspath,jvmTestCompileClasspath,jvmTestRuntimeClasspath,runtimeClasspath,testCompileClasspath,testRuntimeClasspath
io.arrow-kt:arrow-atomic:1.2.4=allSourceSetsCompileDependenciesMetadata,allTestSourceSetsCompileDependenciesMetadata,commonMainApiDependenciesMetadata,commonMainCompileOnlyDependenciesMetadata,commonMainImplementationDependenciesMetadata,commonMainResolvableDependenciesMetadata,commonTestApiDependenciesMetadata,commonTestCompileOnlyDependenciesMetadata,commonTestImplementationDependenciesMetadata,commonTestResolvableDependenciesMetadata,compileClasspath,jvmCompileClasspath,jvmMainApiDependenciesMetadata,jvmMainCompileOnlyDependenciesMetadata,jvmMainImplementationDependenciesMetadata,jvmMainResolvableDependenciesMetadata,jvmRuntimeClasspath,jvmTestApiDependenciesMetadata,jvmTestCompileClasspath,jvmTestCompileOnlyDependenciesMetadata,jvmTestImplementationDependenciesMetadata,jvmTestResolvableDependenciesMetadata,jvmTestRuntimeClasspath,metadataCompileClasspath,runtimeClasspath,testCompileClasspath,testRuntimeClasspath
io.arrow-kt:arrow-continuations-jvm:1.2.4=compileClasspath,jvmCompileClasspath,jvmRuntimeClasspath,jvmTestCompileClasspath,jvmTestRuntimeClasspath,runtimeClasspath,testCompileClasspath,testRuntimeClasspath
io.arrow-kt:arrow-continuations:1.2.4=allSourceSetsCompileDependenciesMetadata,allTestSourceSetsCompileDependenciesMetadata,commonMainApiDependenciesMetadata,commonMainCompileOnlyDependenciesMetadata,commonMainImplementationDependenciesMetadata,commonMainResolvableDependenciesMetadata,commonTestApiDependenciesMetadata,commonTestCompileOnlyDependenciesMetadata,commonTestImplementationDependenciesMetadata,commonTestResolvableDependenciesMetadata,compileClasspath,jvmCompileClasspath,jvmMainApiDependenciesMetadata,jvmMainCompileOnlyDependenciesMetadata,jvmMainImplementationDependenciesMetadata,jvmMainResolvableDependenciesMetadata,jvmRuntimeClasspath,jvmTestApiDependenciesMetadata,jvmTestCompileClasspath,jvmTestCompileOnlyDependenciesMetadata,jvmTestImplementationDependenciesMetadata,jvmTestResolvableDependenciesMetadata,jvmTestRuntimeClasspath,metadataCompileClasspath,runtimeClasspath,testCompileClasspath,testRuntimeClasspath
io.arrow-kt:arrow-core-jvm:1.2.4=compileClasspath,jvmCompileClasspath,jvmRuntimeClasspath,jvmTestCompileClasspath,jvmTestRuntimeClasspath,runtimeClasspath,testCompileClasspath,testRuntimeClasspath
io.arrow-kt:arrow-core:1.2.4=allSourceSetsCompileDependenciesMetadata,allTestSourceSetsCompileDependenciesMetadata,commonMainApiDependenciesMetadata,commonMainCompileOnlyDependenciesMetadata,commonMainImplementationDependenciesMetadata,commonMainResolvableDependenciesMetadata,commonTestApiDependenciesMetadata,commonTestCompileOnlyDependenciesMetadata,commonTestImplementationDependenciesMetadata,commonTestResolvableDependenciesMetadata,compileClasspath,jvmCompileClasspath,jvmMainApiDependenciesMetadata,jvmMainCompileOnlyDependenciesMetadata,jvmMainImplementationDependenciesMetadata,jvmMainResolvableDependenciesMetadata,jvmRuntimeClasspath,jvmTestApiDependenciesMetadata,jvmTestCompileClasspath,jvmTestCompileOnlyDependenciesMetadata,jvmTestImplementationDependenciesMetadata,jvmTestResolvableDependenciesMetadata,jvmTestRuntimeClasspath,metadataCompileClasspath,runtimeClasspath,testCompileClasspath,testRuntimeClasspath
io.github.classgraph:classgraph:4.8.172=jvmTestCompileClasspath,jvmTestRuntimeClasspath,testCompileClasspath,testRuntimeClasspath
io.github.java-diff-utils:java-diff-utils:4.12=jvmTestRuntimeClasspath,testRuntimeClasspath
io.github.oshai:kotlin-logging-jvm:6.0.9=allSourceSetsCompileDependenciesMetadata,allTestSourceSetsCompileDependenciesMetadata,commonTestApiDependenciesMetadata,commonTestCompileOnlyDependenciesMetadata,commonTestImplementationDependenciesMetadata,commonTestResolvableDependenciesMetadata,compileClasspath,jvmCompileClasspath,jvmMainApiDependenciesMetadata,jvmMainCompileOnlyDependenciesMetadata,jvmMainImplementationDependenciesMetadata,jvmMainResolvableDependenciesMetadata,jvmRuntimeClasspath,jvmTestApiDependenciesMetadata,jvmTestCompileClasspath,jvmTestCompileOnlyDependenciesMetadata,jvmTestImplementationDependenciesMetadata,jvmTestResolvableDependenciesMetadata,jvmTestRuntimeClasspath,runtimeClasspath,testCompileClasspath,testRuntimeClasspath
io.github.oshai:kotlin-logging:6.0.9=allSourceSetsCompileDependenciesMetadata,allTestSourceSetsCompileDependenciesMetadata,commonMainApiDependenciesMetadata,commonMainCompileOnlyDependenciesMetadata,commonMainImplementationDependenciesMetadata,commonMainResolvableDependenciesMetadata,commonTestApiDependenciesMetadata,commonTestCompileOnlyDependenciesMetadata,commonTestImplementationDependenciesMetadata,commonTestResolvableDependenciesMetadata,compileClasspath,jvmCompileClasspath,jvmMainApiDependenciesMetadata,jvmMainCompileOnlyDependenciesMetadata,jvmMainImplementationDependenciesMetadata,jvmMainResolvableDependenciesMetadata,jvmRuntimeClasspath,jvmTestApiDependenciesMetadata,jvmTestCompileClasspath,jvmTestCompileOnlyDependenciesMetadata,jvmTestImplementationDependenciesMetadata,jvmTestResolvableDependenciesMetadata,jvmTestRuntimeClasspath,metadataCompileClasspath,runtimeClasspath,testCompileClasspath,testRuntimeClasspath
io.kotest.extensions:kotest-assertions-arrow-jvm:1.4.0=jvmTestCompileClasspath,jvmTestRuntimeClasspath,testCompileClasspath,testRuntimeClasspath
io.kotest.extensions:kotest-assertions-arrow:1.4.0=allTestSourceSetsCompileDependenciesMetadata,commonTestApiDependenciesMetadata,commonTestCompileOnlyDependenciesMetadata,commonTestImplementationDependenciesMetadata,commonTestResolvableDependenciesMetadata,jvmTestApiDependenciesMetadata,jvmTestCompileClasspath,jvmTestCompileOnlyDependenciesMetadata,jvmTestImplementationDependenciesMetadata,jvmTestResolvableDependenciesMetadata,jvmTestRuntimeClasspath,testCompileClasspath,testRuntimeClasspath
io.kotest:kotest-assertions-api-jvm:5.9.0=jvmTestCompileClasspath,jvmTestRuntimeClasspath,testCompileClasspath,testRuntimeClasspath
io.kotest:kotest-assertions-api:5.9.0=allTestSourceSetsCompileDependenciesMetadata,commonTestApiDependenciesMetadata,commonTestCompileOnlyDependenciesMetadata,commonTestImplementationDependenciesMetadata,commonTestResolvableDependenciesMetadata,jvmTestApiDependenciesMetadata,jvmTestCompileClasspath,jvmTestCompileOnlyDependenciesMetadata,jvmTestImplementationDependenciesMetadata,jvmTestResolvableDependenciesMetadata,jvmTestRuntimeClasspath,testCompileClasspath,testRuntimeClasspath
io.kotest:kotest-assertions-core-jvm:5.9.0=jvmTestCompileClasspath,jvmTestRuntimeClasspath,testCompileClasspath,testRuntimeClasspath
io.kotest:kotest-assertions-core:5.9.0=allTestSourceSetsCompileDependenciesMetadata,commonTestApiDependenciesMetadata,commonTestCompileOnlyDependenciesMetadata,commonTestImplementationDependenciesMetadata,commonTestResolvableDependenciesMetadata,jvmTestApiDependenciesMetadata,jvmTestCompileClasspath,jvmTestCompileOnlyDependenciesMetadata,jvmTestImplementationDependenciesMetadata,jvmTestResolvableDependenciesMetadata,jvmTestRuntimeClasspath,testCompileClasspath,testRuntimeClasspath
io.kotest:kotest-assertions-shared-jvm:5.9.0=jvmTestCompileClasspath,jvmTestRuntimeClasspath,testCompileClasspath,testRuntimeClasspath
io.kotest:kotest-assertions-shared:5.9.0=allTestSourceSetsCompileDependenciesMetadata,commonTestApiDependenciesMetadata,commonTestCompileOnlyDependenciesMetadata,commonTestImplementationDependenciesMetadata,commonTestResolvableDependenciesMetadata,jvmTestApiDependenciesMetadata,jvmTestCompileClasspath,jvmTestCompileOnlyDependenciesMetadata,jvmTestImplementationDependenciesMetadata,jvmTestResolvableDependenciesMetadata,jvmTestRuntimeClasspath,testCompileClasspath,testRuntimeClasspath
io.kotest:kotest-common-jvm:5.9.0=jvmTestCompileClasspath,jvmTestRuntimeClasspath,testCompileClasspath,testRuntimeClasspath
io.kotest:kotest-common:5.9.0=allTestSourceSetsCompileDependenciesMetadata,commonTestApiDependenciesMetadata,commonTestCompileOnlyDependenciesMetadata,commonTestImplementationDependenciesMetadata,commonTestResolvableDependenciesMetadata,jvmTestApiDependenciesMetadata,jvmTestCompileClasspath,jvmTestCompileOnlyDependenciesMetadata,jvmTestImplementationDependenciesMetadata,jvmTestResolvableDependenciesMetadata,jvmTestRuntimeClasspath,testCompileClasspath,testRuntimeClasspath
io.kotest:kotest-extensions-jvm:5.9.0=jvmTestCompileClasspath,jvmTestRuntimeClasspath,testCompileClasspath,testRuntimeClasspath
io.kotest:kotest-extensions:5.9.0=jvmTestCompileClasspath,jvmTestRuntimeClasspath,testCompileClasspath,testRuntimeClasspath
io.kotest:kotest-framework-api-jvm:5.9.0=jvmTestCompileClasspath,jvmTestRuntimeClasspath,testCompileClasspath,testRuntimeClasspath
io.kotest:kotest-framework-api:5.9.0=allTestSourceSetsCompileDependenciesMetadata,commonTestApiDependenciesMetadata,commonTestCompileOnlyDependenciesMetadata,commonTestImplementationDependenciesMetadata,commonTestResolvableDependenciesMetadata,jvmTestApiDependenciesMetadata,jvmTestCompileClasspath,jvmTestCompileOnlyDependenciesMetadata,jvmTestImplementationDependenciesMetadata,jvmTestResolvableDependenciesMetadata,jvmTestRuntimeClasspath,testCompileClasspath,testRuntimeClasspath
io.kotest:kotest-framework-concurrency-jvm:5.9.0=jvmTestCompileClasspath,jvmTestRuntimeClasspath,testCompileClasspath,testRuntimeClasspath
io.kotest:kotest-framework-concurrency:5.9.0=jvmTestCompileClasspath,jvmTestRuntimeClasspath,testCompileClasspath,testRuntimeClasspath
io.kotest:kotest-framework-datatest-jvm:5.9.0=jvmTestCompileClasspath,jvmTestRuntimeClasspath,testCompileClasspath,testRuntimeClasspath
io.kotest:kotest-framework-datatest:5.9.0=allTestSourceSetsCompileDependenciesMetadata,commonTestApiDependenciesMetadata,commonTestCompileOnlyDependenciesMetadata,commonTestImplementationDependenciesMetadata,commonTestResolvableDependenciesMetadata,jvmTestApiDependenciesMetadata,jvmTestCompileClasspath,jvmTestCompileOnlyDependenciesMetadata,jvmTestImplementationDependenciesMetadata,jvmTestResolvableDependenciesMetadata,jvmTestRuntimeClasspath,testCompileClasspath,testRuntimeClasspath
io.kotest:kotest-framework-discovery-jvm:5.9.0=jvmTestCompileClasspath,jvmTestRuntimeClasspath,testCompileClasspath,testRuntimeClasspath
io.kotest:kotest-framework-discovery:5.9.0=jvmTestCompileClasspath,jvmTestRuntimeClasspath,testCompileClasspath,testRuntimeClasspath
io.kotest:kotest-framework-engine-jvm:5.9.0=jvmTestCompileClasspath,jvmTestRuntimeClasspath,testCompileClasspath,testRuntimeClasspath
io.kotest:kotest-framework-engine:5.9.0=allTestSourceSetsCompileDependenciesMetadata,commonTestApiDependenciesMetadata,commonTestCompileOnlyDependenciesMetadata,commonTestImplementationDependenciesMetadata,commonTestResolvableDependenciesMetadata,jvmTestApiDependenciesMetadata,jvmTestCompileClasspath,jvmTestCompileOnlyDependenciesMetadata,jvmTestImplementationDependenciesMetadata,jvmTestResolvableDependenciesMetadata,jvmTestRuntimeClasspath,testCompileClasspath,testRuntimeClasspath
io.kotest:kotest-runner-junit5-jvm:5.9.0=jvmTestCompileClasspath,jvmTestRuntimeClasspath,testCompileClasspath,testRuntimeClasspath
io.kotest:kotest-runner-junit5:5.9.0=allTestSourceSetsCompileDependenciesMetadata,jvmTestApiDependenciesMetadata,jvmTestCompileClasspath,jvmTestCompileOnlyDependenciesMetadata,jvmTestImplementationDependenciesMetadata,jvmTestResolvableDependenciesMetadata,jvmTestRuntimeClasspath,testCompileClasspath,testRuntimeClasspath
log4j:log4j:1.1.3=allSourceSetsCompileDependenciesMetadata,allTestSourceSetsCompileDependenciesMetadata,commonMainApiDependenciesMetadata,commonMainCompileOnlyDependenciesMetadata,commonMainImplementationDependenciesMetadata,commonMainResolvableDependenciesMetadata,commonTestApiDependenciesMetadata,commonTestCompileOnlyDependenciesMetadata,commonTestImplementationDependenciesMetadata,commonTestResolvableDependenciesMetadata,compileClasspath,jvmCompileClasspath,jvmMainApiDependenciesMetadata,jvmMainCompileOnlyDependenciesMetadata,jvmMainImplementationDependenciesMetadata,jvmMainResolvableDependenciesMetadata,jvmRuntimeClasspath,jvmTestApiDependenciesMetadata,jvmTestCompileClasspath,jvmTestCompileOnlyDependenciesMetadata,jvmTestImplementationDependenciesMetadata,jvmTestResolvableDependenciesMetadata,jvmTestRuntimeClasspath,metadataCompileClasspath,runtimeClasspath,testCompileClasspath,testRuntimeClasspath
net.bytebuddy:byte-buddy-agent:1.10.9=jvmTestRuntimeClasspath,testRuntimeClasspath
net.bytebuddy:byte-buddy:1.10.9=jvmTestRuntimeClasspath,testRuntimeClasspath
net.java.dev.jna:jna-platform:5.9.0=allTestSourceSetsCompileDependenciesMetadata,commonTestApiDependenciesMetadata,commonTestCompileOnlyDependenciesMetadata,commonTestImplementationDependenciesMetadata,commonTestResolvableDependenciesMetadata,jvmTestApiDependenciesMetadata,jvmTestCompileOnlyDependenciesMetadata,jvmTestImplementationDependenciesMetadata,jvmTestResolvableDependenciesMetadata,jvmTestRuntimeClasspath,testRuntimeClasspath
net.java.dev.jna:jna:5.9.0=allTestSourceSetsCompileDependenciesMetadata,commonTestApiDependenciesMetadata,commonTestCompileOnlyDependenciesMetadata,commonTestImplementationDependenciesMetadata,commonTestResolvableDependenciesMetadata,jvmTestApiDependenciesMetadata,jvmTestCompileOnlyDependenciesMetadata,jvmTestImplementationDependenciesMetadata,jvmTestResolvableDependenciesMetadata,jvmTestRuntimeClasspath,testRuntimeClasspath
org.apache.logging.log4j:log4j-api:3.0.0-beta2=allSourceSetsCompileDependenciesMetadata,allTestSourceSetsCompileDependenciesMetadata,commonTestApiDependenciesMetadata,commonTestCompileOnlyDependenciesMetadata,commonTestImplementationDependenciesMetadata,commonTestResolvableDependenciesMetadata,compileClasspath,jvmCompileClasspath,jvmMainApiDependenciesMetadata,jvmMainCompileOnlyDependenciesMetadata,jvmMainImplementationDependenciesMetadata,jvmMainResolvableDependenciesMetadata,jvmRuntimeClasspath,jvmTestApiDependenciesMetadata,jvmTestCompileClasspath,jvmTestCompileOnlyDependenciesMetadata,jvmTestImplementationDependenciesMetadata,jvmTestResolvableDependenciesMetadata,jvmTestRuntimeClasspath,runtimeClasspath,testCompileClasspath,testRuntimeClasspath
org.apache.logging.log4j:log4j-core:3.0.0-beta2=allSourceSetsCompileDependenciesMetadata,allTestSourceSetsCompileDependenciesMetadata,commonTestApiDependenciesMetadata,commonTestCompileOnlyDependenciesMetadata,commonTestImplementationDependenciesMetadata,commonTestResolvableDependenciesMetadata,compileClasspath,jvmCompileClasspath,jvmMainApiDependenciesMetadata,jvmMainCompileOnlyDependenciesMetadata,jvmMainImplementationDependenciesMetadata,jvmMainResolvableDependenciesMetadata,jvmRuntimeClasspath,jvmTestApiDependenciesMetadata,jvmTestCompileClasspath,jvmTestCompileOnlyDependenciesMetadata,jvmTestImplementationDependenciesMetadata,jvmTestResolvableDependenciesMetadata,jvmTestRuntimeClasspath,runtimeClasspath,testCompileClasspath,testRuntimeClasspath
org.apache.logging.log4j:log4j-plugins:3.0.0-beta2=allSourceSetsCompileDependenciesMetadata,allTestSourceSetsCompileDependenciesMetadata,commonTestApiDependenciesMetadata,commonTestCompileOnlyDependenciesMetadata,commonTestImplementationDependenciesMetadata,commonTestResolvableDependenciesMetadata,compileClasspath,jvmCompileClasspath,jvmMainApiDependenciesMetadata,jvmMainCompileOnlyDependenciesMetadata,jvmMainImplementationDependenciesMetadata,jvmMainResolvableDependenciesMetadata,jvmRuntimeClasspath,jvmTestApiDependenciesMetadata,jvmTestCompileClasspath,jvmTestCompileOnlyDependenciesMetadata,jvmTestImplementationDependenciesMetadata,jvmTestResolvableDependenciesMetadata,jvmTestRuntimeClasspath,runtimeClasspath,testCompileClasspath,testRuntimeClasspath
org.apache.logging.log4j:log4j-slf4j2-impl:3.0.0-beta2=allSourceSetsCompileDependenciesMetadata,allTestSourceSetsCompileDependenciesMetadata,commonTestApiDependenciesMetadata,commonTestCompileOnlyDependenciesMetadata,commonTestImplementationDependenciesMetadata,commonTestResolvableDependenciesMetadata,compileClasspath,jvmCompileClasspath,jvmMainApiDependenciesMetadata,jvmMainCompileOnlyDependenciesMetadata,jvmMainImplementationDependenciesMetadata,jvmMainResolvableDependenciesMetadata,jvmRuntimeClasspath,jvmTestApiDependenciesMetadata,jvmTestCompileClasspath,jvmTestCompileOnlyDependenciesMetadata,jvmTestImplementationDependenciesMetadata,jvmTestResolvableDependenciesMetadata,jvmTestRuntimeClasspath,runtimeClasspath,testCompileClasspath,testRuntimeClasspath
org.apiguardian:apiguardian-api:1.1.2=jvmTestCompileClasspath,testCompileClasspath
org.codehaus.mojo:animal-sniffer-annotations:1.23=allSourceSetsCompileDependenciesMetadata,allTestSourceSetsCompileDependenciesMetadata,commonMainApiDependenciesMetadata,commonMainCompileOnlyDependenciesMetadata,commonMainImplementationDependenciesMetadata,commonMainResolvableDependenciesMetadata,commonTestApiDependenciesMetadata,commonTestCompileOnlyDependenciesMetadata,commonTestImplementationDependenciesMetadata,commonTestResolvableDependenciesMetadata,jvmMainApiDependenciesMetadata,jvmMainCompileOnlyDependenciesMetadata,jvmMainImplementationDependenciesMetadata,jvmMainResolvableDependenciesMetadata,jvmRuntimeClasspath,jvmTestApiDependenciesMetadata,jvmTestCompileOnlyDependenciesMetadata,jvmTestImplementationDependenciesMetadata,jvmTestResolvableDependenciesMetadata,jvmTestRuntimeClasspath,metadataCompileClasspath,runtimeClasspath,testRuntimeClasspath
org.jetbrains.intellij.deps:trove4j:1.0.20200330=kotlinBuildToolsApiClasspath,kotlinCompilerClasspath,kotlinKlibCommonizerClasspath
org.jetbrains.kotlin:kotlin-build-common:2.0.20=kotlinBuildToolsApiClasspath
org.jetbrains.kotlin:kotlin-build-tools-api:2.0.20=kotlinBuildToolsApiClasspath
org.jetbrains.kotlin:kotlin-build-tools-impl:2.0.20=kotlinBuildToolsApiClasspath
org.jetbrains.kotlin:kotlin-compiler-embeddable:2.0.20=kotlinBuildToolsApiClasspath,kotlinCompilerClasspath,kotlinKlibCommonizerClasspath
org.jetbrains.kotlin:kotlin-compiler-runner:2.0.20=kotlinBuildToolsApiClasspath
org.jetbrains.kotlin:kotlin-daemon-client:2.0.20=kotlinBuildToolsApiClasspath
org.jetbrains.kotlin:kotlin-daemon-embeddable:2.0.20=kotlinBuildToolsApiClasspath,kotlinCompilerClasspath,kotlinKlibCommonizerClasspath
org.jetbrains.kotlin:kotlin-klib-commonizer-embeddable:2.0.20=kotlinKlibCommonizerClasspath
org.jetbrains.kotlin:kotlin-native-prebuilt:2.0.20=kotlinNativeBundleConfiguration
org.jetbrains.kotlin:kotlin-reflect:1.6.10=kotlinBuildToolsApiClasspath,kotlinCompilerClasspath,kotlinKlibCommonizerClasspath
org.jetbrains.kotlin:kotlin-reflect:1.9.23=allTestSourceSetsCompileDependenciesMetadata,commonTestApiDependenciesMetadata,commonTestCompileOnlyDependenciesMetadata,commonTestImplementationDependenciesMetadata,commonTestResolvableDependenciesMetadata,jvmTestApiDependenciesMetadata,jvmTestCompileOnlyDependenciesMetadata,jvmTestImplementationDependenciesMetadata,jvmTestResolvableDependenciesMetadata,jvmTestRuntimeClasspath,testRuntimeClasspath
org.jetbrains.kotlin:kotlin-script-runtime:2.0.20=kotlinBuildToolsApiClasspath,kotlinCompilerClasspath,kotlinCompilerPluginClasspathJvmMain,kotlinCompilerPluginClasspathJvmTest,kotlinCompilerPluginClasspathMetadataMain,kotlinKlibCommonizerClasspath
org.jetbrains.kotlin:kotlin-scripting-common:2.0.20=kotlinBuildToolsApiClasspath,kotlinCompilerPluginClasspathJvmMain,kotlinCompilerPluginClasspathJvmTest,kotlinCompilerPluginClasspathMetadataMain
org.jetbrains.kotlin:kotlin-scripting-compiler-embeddable:2.0.20=kotlinBuildToolsApiClasspath,kotlinCompilerPluginClasspathJvmMain,kotlinCompilerPluginClasspathJvmTest,kotlinCompilerPluginClasspathMetadataMain
org.jetbrains.kotlin:kotlin-scripting-compiler-impl-embeddable:2.0.20=kotlinBuildToolsApiClasspath,kotlinCompilerPluginClasspathJvmMain,kotlinCompilerPluginClasspathJvmTest,kotlinCompilerPluginClasspathMetadataMain
org.jetbrains.kotlin:kotlin-scripting-jvm:2.0.20=kotlinBuildToolsApiClasspath,kotlinCompilerPluginClasspathJvmMain,kotlinCompilerPluginClasspathJvmTest,kotlinCompilerPluginClasspathMetadataMain
org.jetbrains.kotlin:kotlin-serialization-compiler-plugin-embeddable:2.0.20=kotlinCompilerPluginClasspathJvmMain,kotlinCompilerPluginClasspathJvmTest,kotlinCompilerPluginClasspathMetadataMain
org.jetbrains.kotlin:kotlin-stdlib-common:2.0.20=allSourceSetsCompileDependenciesMetadata,allTestSourceSetsCompileDependenciesMetadata,commonMainApiDependenciesMetadata,commonMainCompileOnlyDependenciesMetadata,commonMainImplementationDependenciesMetadata,commonMainResolvableDependenciesMetadata,commonTestApiDependenciesMetadata,commonTestCompileOnlyDependenciesMetadata,commonTestImplementationDependenciesMetadata,commonTestResolvableDependenciesMetadata,jvmMainResolvableDependenciesMetadata,jvmTestResolvableDependenciesMetadata,metadataCompileClasspath,testCompileClasspath,testRuntimeClasspath
org.jetbrains.kotlin:kotlin-stdlib-jdk7:1.8.10=jvmTestCompileClasspath,jvmTestRuntimeClasspath,testCompileClasspath,testRuntimeClasspath
org.jetbrains.kotlin:kotlin-stdlib-jdk8:1.8.10=jvmTestCompileClasspath,jvmTestRuntimeClasspath,testCompileClasspath,testRuntimeClasspath
org.jetbrains.kotlin:kotlin-stdlib:2.0.20=allSourceSetsCompileDependenciesMetadata,allTestSourceSetsCompileDependenciesMetadata,commonMainApiDependenciesMetadata,commonMainCompileOnlyDependenciesMetadata,commonMainImplementationDependenciesMetadata,commonMainResolvableDependenciesMetadata,commonTestApiDependenciesMetadata,commonTestCompileOnlyDependenciesMetadata,commonTestImplementationDependenciesMetadata,commonTestResolvableDependenciesMetadata,compileClasspath,jvmCompileClasspath,jvmMainApiDependenciesMetadata,jvmMainCompileOnlyDependenciesMetadata,jvmMainImplementationDependenciesMetadata,jvmMainResolvableDependenciesMetadata,jvmRuntimeClasspath,jvmTestApiDependenciesMetadata,jvmTestCompileClasspath,jvmTestCompileOnlyDependenciesMetadata,jvmTestImplementationDependenciesMetadata,jvmTestResolvableDependenciesMetadata,jvmTestRuntimeClasspath,kotlinBuildToolsApiClasspath,kotlinCompilerClasspath,kotlinCompilerPluginClasspathJvmMain,kotlinCompilerPluginClasspathJvmTest,kotlinCompilerPluginClasspathMetadataMain,kotlinKlibCommonizerClasspath,metadataCompileClasspath,runtimeClasspath,testCompileClasspath,testRuntimeClasspath
org.jetbrains.kotlin:kotlin-test-junit5:2.0.20=jvmTestCompileClasspath,jvmTestRuntimeClasspath,testCompileClasspath,testRuntimeClasspath
org.jetbrains.kotlin:kotlin-test:2.0.20=allTestSourceSetsCompileDependenciesMetadata,commonTestApiDependenciesMetadata,commonTestCompileOnlyDependenciesMetadata,commonTestImplementationDependenciesMetadata,commonTestResolvableDependenciesMetadata,jvmTestApiDependenciesMetadata,jvmTestCompileClasspath,jvmTestCompileOnlyDependenciesMetadata,jvmTestImplementationDependenciesMetadata,jvmTestResolvableDependenciesMetadata,jvmTestRuntimeClasspath,testCompileClasspath,testRuntimeClasspath
org.jetbrains.kotlinx:atomicfu:0.23.1=allSourceSetsCompileDependenciesMetadata,allTestSourceSetsCompileDependenciesMetadata,commonMainApiDependenciesMetadata,commonMainCompileOnlyDependenciesMetadata,commonMainImplementationDependenciesMetadata,commonMainResolvableDependenciesMetadata,commonTestApiDependenciesMetadata,commonTestCompileOnlyDependenciesMetadata,commonTestImplementationDependenciesMetadata,commonTestResolvableDependenciesMetadata,jvmMainApiDependenciesMetadata,jvmMainCompileOnlyDependenciesMetadata,jvmMainImplementationDependenciesMetadata,jvmMainResolvableDependenciesMetadata,jvmTestApiDependenciesMetadata,jvmTestCompileOnlyDependenciesMetadata,jvmTestImplementationDependenciesMetadata,jvmTestResolvableDependenciesMetadata,metadataCompileClasspath
org.jetbrains.kotlinx:kotlinx-coroutines-bom:1.8.0=allTestSourceSetsCompileDependenciesMetadata,commonTestApiDependenciesMetadata,commonTestCompileOnlyDependenciesMetadata,commonTestImplementationDependenciesMetadata,commonTestResolvableDependenciesMetadata,jvmTestApiDependenciesMetadata,jvmTestCompileOnlyDependenciesMetadata,jvmTestImplementationDependenciesMetadata,jvmTestResolvableDependenciesMetadata
org.jetbrains.kotlinx:kotlinx-coroutines-bom:1.9.0-RC=compileClasspath,jvmCompileClasspath,jvmRuntimeClasspath,jvmTestCompileClasspath,jvmTestRuntimeClasspath,runtimeClasspath,testCompileClasspath,testRuntimeClasspath
org.jetbrains.kotlinx:kotlinx-coroutines-core-jvm:1.6.4=kotlinBuildToolsApiClasspath,kotlinCompilerClasspath,kotlinKlibCommonizerClasspath
org.jetbrains.kotlinx:kotlinx-coroutines-core-jvm:1.9.0-RC=compileClasspath,jvmCompileClasspath,jvmRuntimeClasspath,jvmTestCompileClasspath,jvmTestRuntimeClasspath,runtimeClasspath,testCompileClasspath,testRuntimeClasspath
org.jetbrains.kotlinx:kotlinx-coroutines-core:1.9.0-RC=allSourceSetsCompileDependenciesMetadata,allTestSourceSetsCompileDependenciesMetadata,commonMainApiDependenciesMetadata,commonMainCompileOnlyDependenciesMetadata,commonMainImplementationDependenciesMetadata,commonMainResolvableDependenciesMetadata,commonTestApiDependenciesMetadata,commonTestCompileOnlyDependenciesMetadata,commonTestImplementationDependenciesMetadata,commonTestResolvableDependenciesMetadata,compileClasspath,jvmCompileClasspath,jvmMainApiDependenciesMetadata,jvmMainCompileOnlyDependenciesMetadata,jvmMainImplementationDependenciesMetadata,jvmMainResolvableDependenciesMetadata,jvmRuntimeClasspath,jvmTestApiDependenciesMetadata,jvmTestCompileClasspath,jvmTestCompileOnlyDependenciesMetadata,jvmTestImplementationDependenciesMetadata,jvmTestResolvableDependenciesMetadata,jvmTestRuntimeClasspath,metadataCompileClasspath,runtimeClasspath,testCompileClasspath,testRuntimeClasspath
org.jetbrains.kotlinx:kotlinx-coroutines-debug:1.8.0=allTestSourceSetsCompileDependenciesMetadata,commonTestApiDependenciesMetadata,commonTestCompileOnlyDependenciesMetadata,commonTestImplementationDependenciesMetadata,commonTestResolvableDependenciesMetadata,jvmTestApiDependenciesMetadata,jvmTestCompileOnlyDependenciesMetadata,jvmTestImplementationDependenciesMetadata,jvmTestResolvableDependenciesMetadata
org.jetbrains.kotlinx:kotlinx-coroutines-debug:1.9.0-RC=jvmTestRuntimeClasspath,testRuntimeClasspath
org.jetbrains.kotlinx:kotlinx-coroutines-jdk8:1.9.0-RC=jvmTestRuntimeClasspath,testRuntimeClasspath
org.jetbrains.kotlinx:kotlinx-coroutines-test-jvm:1.9.0-RC=jvmTestCompileClasspath,jvmTestRuntimeClasspath,testCompileClasspath,testRuntimeClasspath
org.jetbrains.kotlinx:kotlinx-coroutines-test:1.8.0=allTestSourceSetsCompileDependenciesMetadata,commonTestApiDependenciesMetadata,commonTestCompileOnlyDependenciesMetadata,commonTestImplementationDependenciesMetadata,commonTestResolvableDependenciesMetadata,jvmTestApiDependenciesMetadata,jvmTestCompileOnlyDependenciesMetadata,jvmTestImplementationDependenciesMetadata,jvmTestResolvableDependenciesMetadata
org.jetbrains.kotlinx:kotlinx-coroutines-test:1.9.0-RC=jvmTestCompileClasspath,jvmTestRuntimeClasspath,testCompileClasspath,testRuntimeClasspath
org.jetbrains.kotlinx:kotlinx-datetime-jvm:0.6.0-RC.2=compileClasspath,jvmCompileClasspath,jvmRuntimeClasspath,jvmTestCompileClasspath,jvmTestRuntimeClasspath,runtimeClasspath,testCompileClasspath,testRuntimeClasspath
org.jetbrains.kotlinx:kotlinx-datetime:0.6.0-RC.2=allSourceSetsCompileDependenciesMetadata,allTestSourceSetsCompileDependenciesMetadata,commonMainApiDependenciesMetadata,commonMainCompileOnlyDependenciesMetadata,commonMainImplementationDependenciesMetadata,commonMainResolvableDependenciesMetadata,commonTestApiDependenciesMetadata,commonTestCompileOnlyDependenciesMetadata,commonTestImplementationDependenciesMetadata,commonTestResolvableDependenciesMetadata,compileClasspath,jvmCompileClasspath,jvmMainApiDependenciesMetadata,jvmMainCompileOnlyDependenciesMetadata,jvmMainImplementationDependenciesMetadata,jvmMainResolvableDependenciesMetadata,jvmRuntimeClasspath,jvmTestApiDependenciesMetadata,jvmTestCompileClasspath,jvmTestCompileOnlyDependenciesMetadata,jvmTestImplementationDependenciesMetadata,jvmTestResolvableDependenciesMetadata,jvmTestRuntimeClasspath,metadataCompileClasspath,runtimeClasspath,testCompileClasspath,testRuntimeClasspath
org.jetbrains.kotlinx:kotlinx-serialization-bom:1.7.3=compileClasspath,jvmCompileClasspath,jvmRuntimeClasspath,jvmTestCompileClasspath,jvmTestRuntimeClasspath,runtimeClasspath,testCompileClasspath,testRuntimeClasspath
org.jetbrains.kotlinx:kotlinx-serialization-core-jvm:1.7.3=compileClasspath,jvmCompileClasspath,jvmRuntimeClasspath,jvmTestCompileClasspath,jvmTestRuntimeClasspath,runtimeClasspath,testCompileClasspath,testRuntimeClasspath
org.jetbrains.kotlinx:kotlinx-serialization-core:1.7.3=allSourceSetsCompileDependenciesMetadata,allTestSourceSetsCompileDependenciesMetadata,commonMainApiDependenciesMetadata,commonMainCompileOnlyDependenciesMetadata,commonMainImplementationDependenciesMetadata,commonMainResolvableDependenciesMetadata,commonTestApiDependenciesMetadata,commonTestCompileOnlyDependenciesMetadata,commonTestImplementationDependenciesMetadata,commonTestResolvableDependenciesMetadata,compileClasspath,jvmCompileClasspath,jvmMainApiDependenciesMetadata,jvmMainCompileOnlyDependenciesMetadata,jvmMainImplementationDependenciesMetadata,jvmMainResolvableDependenciesMetadata,jvmRuntimeClasspath,jvmTestApiDependenciesMetadata,jvmTestCompileClasspath,jvmTestCompileOnlyDependenciesMetadata,jvmTestImplementationDependenciesMetadata,jvmTestResolvableDependenciesMetadata,jvmTestRuntimeClasspath,metadataCompileClasspath,runtimeClasspath,testCompileClasspath,testRuntimeClasspath
org.jetbrains.kotlinx:kotlinx-serialization-json-jvm:1.7.3=compileClasspath,jvmCompileClasspath,jvmRuntimeClasspath,jvmTestCompileClasspath,jvmTestRuntimeClasspath,runtimeClasspath,testCompileClasspath,testRuntimeClasspath
org.jetbrains.kotlinx:kotlinx-serialization-json:1.7.3=allSourceSetsCompileDependenciesMetadata,allTestSourceSetsCompileDependenciesMetadata,commonMainApiDependenciesMetadata,commonMainCompileOnlyDependenciesMetadata,commonMainImplementationDependenciesMetadata,commonMainResolvableDependenciesMetadata,commonTestApiDependenciesMetadata,commonTestCompileOnlyDependenciesMetadata,commonTestImplementationDependenciesMetadata,commonTestResolvableDependenciesMetadata,compileClasspath,jvmCompileClasspath,jvmMainApiDependenciesMetadata,jvmMainCompileOnlyDependenciesMetadata,jvmMainImplementationDependenciesMetadata,jvmMainResolvableDependenciesMetadata,jvmRuntimeClasspath,jvmTestApiDependenciesMetadata,jvmTestCompileClasspath,jvmTestCompileOnlyDependenciesMetadata,jvmTestImplementationDependenciesMetadata,jvmTestResolvableDependenciesMetadata,jvmTestRuntimeClasspath,metadataCompileClasspath,runtimeClasspath,testCompileClasspath,testRuntimeClasspath
org.jetbrains:annotations:13.0=kotlinBuildToolsApiClasspath,kotlinCompilerClasspath,kotlinCompilerPluginClasspathJvmMain,kotlinCompilerPluginClasspathJvmTest,kotlinCompilerPluginClasspathMetadataMain,kotlinKlibCommonizerClasspath
org.jetbrains:annotations:23.0.0=compileClasspath,jvmCompileClasspath,jvmRuntimeClasspath,jvmTestCompileClasspath,jvmTestRuntimeClasspath,runtimeClasspath,testCompileClasspath,testRuntimeClasspath
org.junit.jupiter:junit-jupiter-api:5.10.1=jvmTestCompileClasspath,jvmTestRuntimeClasspath,testCompileClasspath,testRuntimeClasspath
org.junit.jupiter:junit-jupiter-engine:5.10.1=jvmTestRuntimeClasspath,testRuntimeClasspath
org.junit.platform:junit-platform-commons:1.10.1=jvmTestCompileClasspath,jvmTestRuntimeClasspath,testCompileClasspath,testRuntimeClasspath
org.junit.platform:junit-platform-engine:1.10.1=jvmTestCompileClasspath,jvmTestRuntimeClasspath,testCompileClasspath,testRuntimeClasspath
org.junit.platform:junit-platform-launcher:1.10.1=jvmTestCompileClasspath,jvmTestRuntimeClasspath,testCompileClasspath,testRuntimeClasspath
org.junit.platform:junit-platform-suite-api:1.10.1=jvmTestCompileClasspath,jvmTestRuntimeClasspath,testCompileClasspath,testRuntimeClasspath
org.junit:junit-bom:5.10.1=jvmTestCompileClasspath,jvmTestRuntimeClasspath,testCompileClasspath,testRuntimeClasspath
org.opentest4j:opentest4j:1.3.0=jvmTestCompileClasspath,jvmTestRuntimeClasspath,testCompileClasspath,testRuntimeClasspath
org.slf4j:slf4j-api:2.1.0-alpha1=allSourceSetsCompileDependenciesMetadata,allTestSourceSetsCompileDependenciesMetadata,commonTestApiDependenciesMetadata,commonTestCompileOnlyDependenciesMetadata,commonTestImplementationDependenciesMetadata,commonTestResolvableDependenciesMetadata,compileClasspath,jvmCompileClasspath,jvmMainApiDependenciesMetadata,jvmMainCompileOnlyDependenciesMetadata,jvmMainImplementationDependenciesMetadata,jvmMainResolvableDependenciesMetadata,jvmRuntimeClasspath,jvmTestApiDependenciesMetadata,jvmTestCompileClasspath,jvmTestCompileOnlyDependenciesMetadata,jvmTestImplementationDependenciesMetadata,jvmTestResolvableDependenciesMetadata,jvmTestRuntimeClasspath,runtimeClasspath,testCompileClasspath,testRuntimeClasspath
empty=annotationProcessor,commonMainIntransitiveDependenciesMetadata,commonTestIntransitiveDependenciesMetadata,jvmMainIntransitiveDependenciesMetadata,jvmTestIntransitiveDependenciesMetadata,kotlinCompilerPluginClasspath,kotlinNativeCompilerPluginClasspath,kotlinScriptDefExtensions,testAnnotationProcessor,testKotlinScriptDefExtensions
