# This is a Gradle generated file for dependency locking.
# Manual edits can break the build and are not advised.
# This file is expected to be part of source control.
com.google.code.gson:gson:2.8.9=runtimeClasspath
io.kotest:kotest-framework-multiplatform-plugin-gradle:6.0.0.M1=compileClasspath,runtimeClasspath
org.jetbrains.kotlin:kotlin-build-statistics:2.1.0=runtimeClasspath
org.jetbrains.kotlin:kotlin-build-tools-api:2.1.0=compileClasspath,runtimeClasspath
org.jetbrains.kotlin:kotlin-compiler-runner:2.1.0=runtimeClasspath
org.jetbrains.kotlin:kotlin-daemon-client:2.1.0=runtimeClasspath
org.jetbrains.kotlin:kotlin-gradle-plugin-annotations:2.1.0=compileClasspath,runtimeClasspath
org.jetbrains.kotlin:kotlin-gradle-plugin-api:2.1.0=compileClasspath,runtimeClasspath
org.jetbrains.kotlin:kotlin-gradle-plugin-idea-proto:2.1.0=runtimeClasspath
org.jetbrains.kotlin:kotlin-gradle-plugin-idea:2.1.0=runtimeClasspath
org.jetbrains.kotlin:kotlin-gradle-plugin-model:2.1.0=compileClasspath,runtimeClasspath
org.jetbrains.kotlin:kotlin-gradle-plugin:2.1.0=compileClasspath,runtimeClasspath
org.jetbrains.kotlin:kotlin-gradle-plugins-bom:2.1.0=compileClasspath,runtimeClasspath
org.jetbrains.kotlin:kotlin-klib-commonizer-api:2.1.0=runtimeClasspath
org.jetbrains.kotlin:kotlin-native-utils:2.1.0=compileClasspath,runtimeClasspath
org.jetbrains.kotlin:kotlin-reflect:1.9.22=compileClasspath
org.jetbrains.kotlin:kotlin-serialization:2.1.0=compileClasspath,runtimeClasspath
org.jetbrains.kotlin:kotlin-stdlib:1.9.22=compileClasspath
org.jetbrains.kotlin:kotlin-tooling-core:2.1.0=compileClasspath,runtimeClasspath
org.jetbrains.kotlin:kotlin-util-io:2.1.0=compileClasspath,runtimeClasspath
org.jetbrains.kotlin:kotlin-util-klib-metadata:2.1.0=runtimeClasspath
org.jetbrains.kotlin:kotlin-util-klib:2.1.0=runtimeClasspath
org.jetbrains.kotlinx:kotlinx-coroutines-core-jvm:1.6.4=runtimeClasspath
org.jetbrains:annotations:13.0=compileClasspath
empty=
