# This is a Gradle generated file for dependency locking.
# Manual edits can break the build and are not advised.
# This file is expected to be part of source control.
com.adarshr.test-logger:com.adarshr.test-logger.gradle.plugin:4.0.0=compileClasspath,runtimeClasspath
com.adarshr:gradle-test-logger-plugin:4.0.0=compileClasspath,runtimeClasspath
com.google.code.gson:gson:2.11.0=runtimeClasspath
com.google.errorprone:error_prone_annotations:2.27.0=runtimeClasspath
io.kotest:kotest-framework-multiplatform-plugin-gradle:6.0.0.M2=compileClasspath,runtimeClasspath
org.fusesource.jansi:jansi:2.4.0=runtimeClasspath
org.jetbrains.kotlin.plugin.serialization:org.jetbrains.kotlin.plugin.serialization.gradle.plugin:2.3.10=compileClasspath,runtimeClasspath
org.jetbrains.kotlin:abi-tools-api:2.3.10=runtimeClasspath
org.jetbrains.kotlin:fus-statistics-gradle-plugin:2.3.10=compileClasspath,runtimeClasspath
org.jetbrains.kotlin:kotlin-build-statistics:2.3.10=runtimeClasspath
org.jetbrains.kotlin:kotlin-build-tools-api:2.3.10=compileClasspath,runtimeClasspath
org.jetbrains.kotlin:kotlin-compiler-runner:2.3.10=runtimeClasspath
org.jetbrains.kotlin:kotlin-daemon-client:2.3.10=runtimeClasspath
org.jetbrains.kotlin:kotlin-gradle-plugin-annotations:2.3.10=compileClasspath,runtimeClasspath
org.jetbrains.kotlin:kotlin-gradle-plugin-api:2.3.10=compileClasspath,runtimeClasspath
org.jetbrains.kotlin:kotlin-gradle-plugin-idea-proto:2.3.10=runtimeClasspath
org.jetbrains.kotlin:kotlin-gradle-plugin-idea:2.3.10=runtimeClasspath
org.jetbrains.kotlin:kotlin-gradle-plugin:2.3.10=compileClasspath,runtimeClasspath
org.jetbrains.kotlin:kotlin-gradle-plugins-bom:2.3.10=compileClasspath,runtimeClasspath
org.jetbrains.kotlin:kotlin-klib-commonizer-api:2.3.10=runtimeClasspath
org.jetbrains.kotlin:kotlin-native-utils:2.3.10=compileClasspath,runtimeClasspath
org.jetbrains.kotlin:kotlin-reflect:2.0.20=compileClasspath
org.jetbrains.kotlin:kotlin-serialization:2.3.10=compileClasspath,runtimeClasspath
org.jetbrains.kotlin:kotlin-stdlib:2.0.20=compileClasspath
org.jetbrains.kotlin:kotlin-tooling-core:2.3.10=compileClasspath,runtimeClasspath
org.jetbrains.kotlin:kotlin-util-io:2.3.10=compileClasspath,runtimeClasspath
org.jetbrains.kotlin:kotlin-util-klib-metadata:2.3.10=runtimeClasspath
org.jetbrains.kotlin:kotlin-util-klib:2.3.10=runtimeClasspath
org.jetbrains.kotlinx:kotlinx-coroutines-core-jvm:1.8.0=runtimeClasspath
org.jetbrains:annotations:13.0=compileClasspath
empty=
